github.com/richaer/go-module v1.0.0 h1:W9Rwj7kSrnRPw1VOxxldMGowqOQI6nctI41PzXhJNkg=
github.com/richaer/go-module v1.0.0/go.mod h1:t12yRVzlO0y+n5CfO5nVZOCyfdPsTzPxw+1VgETEAjM=
github.com/richaer/go-module v1.0.1 h1:BDiv5vvxVTHATima2aMLPIX/1SMsNjDFCM6In6hEgio=
github.com/richaer/go-module v1.0.1/go.mod h1:t12yRVzlO0y+n5CfO5nVZOCyfdPsTzPxw+1VgETEAjM=
github.com/richaer/go-module/v2 v2.0.0 h1:g4GT6mnnAKhIip+kNan1SzzP6rUxHBVcaa5aOWYL3ow=
github.com/richaer/go-module/v2 v2.0.0/go.mod h1:nspEqnn8HzblHtPUPvX21CiqKg0Rd9P3WDiGmHH9uN0=
